// !$*UTF8*$!
{
	archiveVersion = 1;
	classes = {
	};
	objectVersion = 46;
	objects = {

/* Begin PBXBuildFile section */
		69059C221D5046E100CA9211 /* PlistTools.m in Sources */ = {isa = PBXBuildFile; fileRef = 69059C211D5046E100CA9211 /* PlistTools.m */; };
		69059C281D50474B00CA9211 /* HttpConnection.mm in Sources */ = {isa = PBXBuildFile; fileRef = 69059C271D50474B00CA9211 /* HttpConnection.mm */; };
		69059C3A1D5081FB00CA9211 /* TAUtils.m in Sources */ = {isa = PBXBuildFile; fileRef = 69059C391D5081FB00CA9211 /* TAUtils.m */; };
		6907EE101D37258D00D7A94A /* main.m in Sources */ = {isa = PBXBuildFile; fileRef = 6907EE0F1D37258D00D7A94A /* main.m */; };
		6907EE131D37258D00D7A94A /* AppDelegate.m in Sources */ = {isa = PBXBuildFile; fileRef = 6907EE121D37258D00D7A94A /* AppDelegate.m */; };
		6907EE191D37258D00D7A94A /* Main.storyboard in Resources */ = {isa = PBXBuildFile; fileRef = 6907EE171D37258D00D7A94A /* Main.storyboard */; };
		6907EE1B1D37258D00D7A94A /* Assets.xcassets in Resources */ = {isa = PBXBuildFile; fileRef = 6907EE1A1D37258D00D7A94A /* Assets.xcassets */; };
		6907EE341D3725AD00D7A94A /* registerController.m in Sources */ = {isa = PBXBuildFile; fileRef = 6907EE271D3725AD00D7A94A /* registerController.m */; };
		6907EE351D3725AD00D7A94A /* managerViewController.m in Sources */ = {isa = PBXBuildFile; fileRef = 6907EE291D3725AD00D7A94A /* managerViewController.m */; };
		6907EE361D3725AD00D7A94A /* managerViewController.xib in Resources */ = {isa = PBXBuildFile; fileRef = 6907EE2A1D3725AD00D7A94A /* managerViewController.xib */; };
		6907EE371D3725AD00D7A94A /* transactionViewController.m in Sources */ = {isa = PBXBuildFile; fileRef = 6907EE2C1D3725AD00D7A94A /* transactionViewController.m */; };
		6907EE381D3725AD00D7A94A /* transactionViewController.xib in Resources */ = {isa = PBXBuildFile; fileRef = 6907EE2D1D3725AD00D7A94A /* transactionViewController.xib */; };
		6907EE391D3725AD00D7A94A /* ShoppingCart.m in Sources */ = {isa = PBXBuildFile; fileRef = 6907EE2F1D3725AD00D7A94A /* ShoppingCart.m */; };
		6907EE3A1D3725AD00D7A94A /* ShoppingCart.xib in Resources */ = {isa = PBXBuildFile; fileRef = 6907EE301D3725AD00D7A94A /* ShoppingCart.xib */; };
		6907EE3B1D3725AD00D7A94A /* validateViewController.m in Sources */ = {isa = PBXBuildFile; fileRef = 6907EE321D3725AD00D7A94A /* validateViewController.m */; };
		6907EE3C1D3725AD00D7A94A /* validateViewController.xib in Resources */ = {isa = PBXBuildFile; fileRef = 6907EE331D3725AD00D7A94A /* validateViewController.xib */; };
		6907EE3F1D3725F900D7A94A /* BaseViewController.m in Sources */ = {isa = PBXBuildFile; fileRef = 6907EE3E1D3725F900D7A94A /* BaseViewController.m */; };
		6907EE421D37260D00D7A94A /* MainViewController.m in Sources */ = {isa = PBXBuildFile; fileRef = 6907EE411D37260D00D7A94A /* MainViewController.m */; };
		6907EE4C1D37263600D7A94A /* icon_remove.png in Resources */ = {isa = PBXBuildFile; fileRef = 6907EE441D37263600D7A94A /* icon_remove.png */; };
		6907EE4D1D37263600D7A94A /* icon_settings.png in Resources */ = {isa = PBXBuildFile; fileRef = 6907EE451D37263600D7A94A /* icon_settings.png */; };
		6907EE4E1D37263600D7A94A /* icon_settings_over.png in Resources */ = {isa = PBXBuildFile; fileRef = 6907EE461D37263600D7A94A /* icon_settings_over.png */; };
		6907EE4F1D37263600D7A94A /* icon_setup.png in Resources */ = {isa = PBXBuildFile; fileRef = 6907EE471D37263600D7A94A /* icon_setup.png */; };
		6907EE501D37263600D7A94A /* icon_setup_over.png in Resources */ = {isa = PBXBuildFile; fileRef = 6907EE481D37263600D7A94A /* icon_setup_over.png */; };
		6907EE511D37263600D7A94A /* icon_transaction.png in Resources */ = {isa = PBXBuildFile; fileRef = 6907EE491D37263600D7A94A /* icon_transaction.png */; };
		6907EE521D37263600D7A94A /* icon_transaction_over.png in Resources */ = {isa = PBXBuildFile; fileRef = 6907EE4A1D37263600D7A94A /* icon_transaction_over.png */; };
		6907EE531D37263600D7A94A /* sample_product.png in Resources */ = {isa = PBXBuildFile; fileRef = 6907EE4B1D37263600D7A94A /* sample_product.png */; };
		6907EE681D3728E900D7A94A /* asmdescriptors.json in Resources */ = {isa = PBXBuildFile; fileRef = 6907EE671D3728E900D7A94A /* asmdescriptors.json */; };
		6907EE951D37831D00D7A94A /* urlinfo.plist in Resources */ = {isa = PBXBuildFile; fileRef = 6907EE941D37831D00D7A94A /* urlinfo.plist */; };
		691035DE1D51B3E7003CB478 /* Images.xcassets in Resources */ = {isa = PBXBuildFile; fileRef = 691035DD1D51B3E7003CB478 /* Images.xcassets */; };
		6937D8571D61D12F0015C070 /* Localizable.strings in Resources */ = {isa = PBXBuildFile; fileRef = 6937D8591D61D12F0015C070 /* Localizable.strings */; };
		693A12C31D3DBF0C00BCAD1F /* installViewController.m in Sources */ = {isa = PBXBuildFile; fileRef = 693A12C11D3DBF0C00BCAD1F /* installViewController.m */; };
		693A12C41D3DBF0C00BCAD1F /* installViewController.xib in Resources */ = {isa = PBXBuildFile; fileRef = 693A12C21D3DBF0C00BCAD1F /* installViewController.xib */; };
		693A12C61D3DCB6A00BCAD1F /* fido_alliance.png in Resources */ = {isa = PBXBuildFile; fileRef = 693A12C51D3DCB6A00BCAD1F /* fido_alliance.png */; };
		6962F30A1D5045E3006D27CD /* LocalAuthentication.framework in Frameworks */ = {isa = PBXBuildFile; fileRef = 6962F3091D5045E3006D27CD /* LocalAuthentication.framework */; };
		6969E7B11D59DE0C0017736D /* MBProgressHUD.m in Sources */ = {isa = PBXBuildFile; fileRef = 6969E7B01D59DE0C0017736D /* MBProgressHUD.m */; };
		69D000711D5B1E040090713F /* Security.framework in Frameworks */ = {isa = PBXBuildFile; fileRef = 69D000701D5B1E040090713F /* Security.framework */; };
		A319C3D21E557B00004716C9 /* ak_getinfo.m in Sources */ = {isa = PBXBuildFile; fileRef = A319C3A61E557B00004716C9 /* ak_getinfo.m */; };
		A319C3D31E557B00004716C9 /* ak_keyhandle.m in Sources */ = {isa = PBXBuildFile; fileRef = A319C3A71E557B00004716C9 /* ak_keyhandle.m */; };
		A319C3D41E557B00004716C9 /* ak_register_cmd.m in Sources */ = {isa = PBXBuildFile; fileRef = A319C3A81E557B00004716C9 /* ak_register_cmd.m */; };
		A319C3D51E557B00004716C9 /* ak_sign_cmd.m in Sources */ = {isa = PBXBuildFile; fileRef = A319C3A91E557B00004716C9 /* ak_sign_cmd.m */; };
		A319C3D61E557B00004716C9 /* ak_tlv.c in Sources */ = {isa = PBXBuildFile; fileRef = A319C3AA1E557B00004716C9 /* ak_tlv.c */; };
		A319C3D71E557B00004716C9 /* ak_token_verifier.m in Sources */ = {isa = PBXBuildFile; fileRef = A319C3AB1E557B00004716C9 /* ak_token_verifier.m */; };
		A319C3D81E557B00004716C9 /* ak_util.m in Sources */ = {isa = PBXBuildFile; fileRef = A319C3AC1E557B00004716C9 /* ak_util.m */; };
		A319C3D91E557B00004716C9 /* ak_uvt.c in Sources */ = {isa = PBXBuildFile; fileRef = A319C3AD1E557B00004716C9 /* ak_uvt.c */; };
		A319C3DA1E557B00004716C9 /* gmrz_jv_asm_json_parse.m in Sources */ = {isa = PBXBuildFile; fileRef = A319C3B11E557B00004716C9 /* gmrz_jv_asm_json_parse.m */; };
		A319C3DB1E557B00004716C9 /* gmrz_jv_asm_KHAccessToken.m in Sources */ = {isa = PBXBuildFile; fileRef = A319C3B41E557B00004716C9 /* gmrz_jv_asm_KHAccessToken.m */; };
		A319C3DC1E557B00004716C9 /* gmrz_jv_asm_regeister.m in Sources */ = {isa = PBXBuildFile; fileRef = A319C3B61E557B00004716C9 /* gmrz_jv_asm_regeister.m */; };
		A319C3DD1E557B00004716C9 /* gmrz_jv_asm_db.m in Sources */ = {isa = PBXBuildFile; fileRef = A319C3B91E557B00004716C9 /* gmrz_jv_asm_db.m */; };
		A319C3DE1E557B00004716C9 /* gmrz_reg_name.m in Sources */ = {isa = PBXBuildFile; fileRef = A319C3BB1E557B00004716C9 /* gmrz_reg_name.m */; };
		A319C3E01E557B00004716C9 /* gmrz_jv_ecc_cal_ext.m in Sources */ = {isa = PBXBuildFile; fileRef = A319C3C01E557B00004716C9 /* gmrz_jv_ecc_cal_ext.m */; };
		A319C3E11E557B00004716C9 /* gmrz_client_getfinalchallenge.m in Sources */ = {isa = PBXBuildFile; fileRef = A319C3C31E557B00004716C9 /* gmrz_client_getfinalchallenge.m */; };
		A319C3E21E557B00004716C9 /* gmrz_client_interface.m in Sources */ = {isa = PBXBuildFile; fileRef = A319C3C51E557B00004716C9 /* gmrz_client_interface.m */; };
		A319C3E31E557B00004716C9 /* authticatorlistshow.m in Sources */ = {isa = PBXBuildFile; fileRef = A319C3C81E557B00004716C9 /* authticatorlistshow.m */; };
		A319C3E41E557B00004716C9 /* gmrz_json_pkg.m in Sources */ = {isa = PBXBuildFile; fileRef = A319C3CA1E557B00004716C9 /* gmrz_json_pkg.m */; };
		A319C3E51E557B00004716C9 /* modelAlert.m in Sources */ = {isa = PBXBuildFile; fileRef = A319C3CC1E557B00004716C9 /* modelAlert.m */; };
		A319C3E61E557B00004716C9 /* PickerView.m in Sources */ = {isa = PBXBuildFile; fileRef = A319C3CE1E557B00004716C9 /* PickerView.m */; };
		A319C3E71E557B00004716C9 /* gmrz_jv_util_func.m in Sources */ = {isa = PBXBuildFile; fileRef = A319C3D11E557B00004716C9 /* gmrz_jv_util_func.m */; };
/* End PBXBuildFile section */

/* Begin PBXFileReference section */
		69059C201D5046E100CA9211 /* PlistTools.h */ = {isa = PBXFileReference; fileEncoding = 4; lastKnownFileType = sourcecode.c.h; path = PlistTools.h; sourceTree = "<group>"; };
		69059C211D5046E100CA9211 /* PlistTools.m */ = {isa = PBXFileReference; fileEncoding = 4; lastKnownFileType = sourcecode.c.objc; path = PlistTools.m; sourceTree = "<group>"; };
		69059C241D50474B00CA9211 /* TutorialAppException.h */ = {isa = PBXFileReference; fileEncoding = 4; lastKnownFileType = sourcecode.c.h; path = TutorialAppException.h; sourceTree = "<group>"; };
		69059C251D50474B00CA9211 /* Constants.h */ = {isa = PBXFileReference; fileEncoding = 4; lastKnownFileType = sourcecode.c.h; path = Constants.h; sourceTree = "<group>"; };
		69059C261D50474B00CA9211 /* HttpConnection.h */ = {isa = PBXFileReference; fileEncoding = 4; lastKnownFileType = sourcecode.c.h; path = HttpConnection.h; sourceTree = "<group>"; };
		69059C271D50474B00CA9211 /* HttpConnection.mm */ = {isa = PBXFileReference; fileEncoding = 4; lastKnownFileType = sourcecode.cpp.objcpp; path = HttpConnection.mm; sourceTree = "<group>"; };
		69059C381D5081FB00CA9211 /* TAUtils.h */ = {isa = PBXFileReference; fileEncoding = 4; lastKnownFileType = sourcecode.c.h; path = TAUtils.h; sourceTree = "<group>"; };
		69059C391D5081FB00CA9211 /* TAUtils.m */ = {isa = PBXFileReference; fileEncoding = 4; lastKnownFileType = sourcecode.c.objc; path = TAUtils.m; sourceTree = "<group>"; };
		6907EE0B1D37258D00D7A94A /* FIDOPro.app */ = {isa = PBXFileReference; explicitFileType = wrapper.application; includeInIndex = 0; path = FIDOPro.app; sourceTree = BUILT_PRODUCTS_DIR; };
		6907EE0F1D37258D00D7A94A /* main.m */ = {isa = PBXFileReference; lastKnownFileType = sourcecode.c.objc; path = main.m; sourceTree = "<group>"; };
		6907EE111D37258D00D7A94A /* AppDelegate.h */ = {isa = PBXFileReference; lastKnownFileType = sourcecode.c.h; path = AppDelegate.h; sourceTree = "<group>"; };
		6907EE121D37258D00D7A94A /* AppDelegate.m */ = {isa = PBXFileReference; explicitFileType = sourcecode.cpp.objcpp; path = AppDelegate.m; sourceTree = "<group>"; };
		6907EE181D37258D00D7A94A /* Base */ = {isa = PBXFileReference; lastKnownFileType = file.storyboard; name = Base; path = Base.lproj/Main.storyboard; sourceTree = "<group>"; };
		6907EE1A1D37258D00D7A94A /* Assets.xcassets */ = {isa = PBXFileReference; lastKnownFileType = folder.assetcatalog; path = Assets.xcassets; sourceTree = "<group>"; };
		6907EE1F1D37258D00D7A94A /* Info.plist */ = {isa = PBXFileReference; lastKnownFileType = text.plist.xml; path = Info.plist; sourceTree = "<group>"; };
		6907EE261D3725AD00D7A94A /* registerController.h */ = {isa = PBXFileReference; fileEncoding = 4; lastKnownFileType = sourcecode.c.h; path = registerController.h; sourceTree = "<group>"; };
		6907EE271D3725AD00D7A94A /* registerController.m */ = {isa = PBXFileReference; explicitFileType = sourcecode.cpp.objcpp; fileEncoding = 4; path = registerController.m; sourceTree = "<group>"; };
		6907EE281D3725AD00D7A94A /* managerViewController.h */ = {isa = PBXFileReference; fileEncoding = 4; lastKnownFileType = sourcecode.c.h; path = managerViewController.h; sourceTree = "<group>"; };
		6907EE291D3725AD00D7A94A /* managerViewController.m */ = {isa = PBXFileReference; explicitFileType = sourcecode.cpp.objcpp; fileEncoding = 4; path = managerViewController.m; sourceTree = "<group>"; };
		6907EE2A1D3725AD00D7A94A /* managerViewController.xib */ = {isa = PBXFileReference; fileEncoding = 4; lastKnownFileType = file.xib; path = managerViewController.xib; sourceTree = "<group>"; };
		6907EE2B1D3725AD00D7A94A /* transactionViewController.h */ = {isa = PBXFileReference; fileEncoding = 4; lastKnownFileType = sourcecode.c.h; path = transactionViewController.h; sourceTree = "<group>"; };
		6907EE2C1D3725AD00D7A94A /* transactionViewController.m */ = {isa = PBXFileReference; fileEncoding = 4; lastKnownFileType = sourcecode.c.objc; path = transactionViewController.m; sourceTree = "<group>"; };
		6907EE2D1D3725AD00D7A94A /* transactionViewController.xib */ = {isa = PBXFileReference; fileEncoding = 4; lastKnownFileType = file.xib; path = transactionViewController.xib; sourceTree = "<group>"; };
		6907EE2E1D3725AD00D7A94A /* ShoppingCart.h */ = {isa = PBXFileReference; fileEncoding = 4; lastKnownFileType = sourcecode.c.h; path = ShoppingCart.h; sourceTree = "<group>"; };
		6907EE2F1D3725AD00D7A94A /* ShoppingCart.m */ = {isa = PBXFileReference; explicitFileType = sourcecode.cpp.objcpp; fileEncoding = 4; path = ShoppingCart.m; sourceTree = "<group>"; };
		6907EE301D3725AD00D7A94A /* ShoppingCart.xib */ = {isa = PBXFileReference; fileEncoding = 4; lastKnownFileType = file.xib; path = ShoppingCart.xib; sourceTree = "<group>"; };
		6907EE311D3725AD00D7A94A /* validateViewController.h */ = {isa = PBXFileReference; fileEncoding = 4; lastKnownFileType = sourcecode.c.h; path = validateViewController.h; sourceTree = "<group>"; };
		6907EE321D3725AD00D7A94A /* validateViewController.m */ = {isa = PBXFileReference; explicitFileType = sourcecode.cpp.objcpp; fileEncoding = 4; path = validateViewController.m; sourceTree = "<group>"; };
		6907EE331D3725AD00D7A94A /* validateViewController.xib */ = {isa = PBXFileReference; fileEncoding = 4; lastKnownFileType = file.xib; path = validateViewController.xib; sourceTree = "<group>"; };
		6907EE3D1D3725F900D7A94A /* BaseViewController.h */ = {isa = PBXFileReference; fileEncoding = 4; lastKnownFileType = sourcecode.c.h; path = BaseViewController.h; sourceTree = "<group>"; };
		6907EE3E1D3725F900D7A94A /* BaseViewController.m */ = {isa = PBXFileReference; fileEncoding = 4; lastKnownFileType = sourcecode.c.objc; path = BaseViewController.m; sourceTree = "<group>"; };
		6907EE401D37260D00D7A94A /* MainViewController.h */ = {isa = PBXFileReference; fileEncoding = 4; lastKnownFileType = sourcecode.c.h; path = MainViewController.h; sourceTree = "<group>"; };
		6907EE411D37260D00D7A94A /* MainViewController.m */ = {isa = PBXFileReference; fileEncoding = 4; lastKnownFileType = sourcecode.c.objc; path = MainViewController.m; sourceTree = "<group>"; };
		6907EE441D37263600D7A94A /* icon_remove.png */ = {isa = PBXFileReference; lastKnownFileType = image.png; path = icon_remove.png; sourceTree = "<group>"; };
		6907EE451D37263600D7A94A /* icon_settings.png */ = {isa = PBXFileReference; lastKnownFileType = image.png; path = icon_settings.png; sourceTree = "<group>"; };
		6907EE461D37263600D7A94A /* icon_settings_over.png */ = {isa = PBXFileReference; lastKnownFileType = image.png; path = icon_settings_over.png; sourceTree = "<group>"; };
		6907EE471D37263600D7A94A /* icon_setup.png */ = {isa = PBXFileReference; lastKnownFileType = image.png; path = icon_setup.png; sourceTree = "<group>"; };
		6907EE481D37263600D7A94A /* icon_setup_over.png */ = {isa = PBXFileReference; lastKnownFileType = image.png; path = icon_setup_over.png; sourceTree = "<group>"; };
		6907EE491D37263600D7A94A /* icon_transaction.png */ = {isa = PBXFileReference; lastKnownFileType = image.png; path = icon_transaction.png; sourceTree = "<group>"; };
		6907EE4A1D37263600D7A94A /* icon_transaction_over.png */ = {isa = PBXFileReference; lastKnownFileType = image.png; path = icon_transaction_over.png; sourceTree = "<group>"; };
		6907EE4B1D37263600D7A94A /* sample_product.png */ = {isa = PBXFileReference; lastKnownFileType = image.png; path = sample_product.png; sourceTree = "<group>"; };
		6907EE671D3728E900D7A94A /* asmdescriptors.json */ = {isa = PBXFileReference; fileEncoding = 4; lastKnownFileType = text.json; path = asmdescriptors.json; sourceTree = "<group>"; };
		6907EE941D37831D00D7A94A /* urlinfo.plist */ = {isa = PBXFileReference; fileEncoding = 4; lastKnownFileType = text.plist.xml; path = urlinfo.plist; sourceTree = "<group>"; };
		691035DD1D51B3E7003CB478 /* Images.xcassets */ = {isa = PBXFileReference; lastKnownFileType = folder.assetcatalog; path = Images.xcassets; sourceTree = "<group>"; };
		6937D85A1D61D13E0015C070 /* zh-Hans */ = {isa = PBXFileReference; lastKnownFileType = text.plist.strings; name = "zh-Hans"; path = "zh-Hans.lproj/Main.strings"; sourceTree = "<group>"; };
		6937D85B1D61D13F0015C070 /* zh-Hans */ = {isa = PBXFileReference; lastKnownFileType = text.plist.strings; name = "zh-Hans"; path = "zh-Hans.lproj/Localizable.strings"; sourceTree = "<group>"; };
		6937D85C1D61D1480015C070 /* zh-Hant */ = {isa = PBXFileReference; lastKnownFileType = text.plist.strings; name = "zh-Hant"; path = "zh-Hant.lproj/Main.strings"; sourceTree = "<group>"; };
		6937D85D1D61D1490015C070 /* zh-Hant */ = {isa = PBXFileReference; lastKnownFileType = text.plist.strings; name = "zh-Hant"; path = "zh-Hant.lproj/Localizable.strings"; sourceTree = "<group>"; };
		6937D85E1D61D14D0015C070 /* en */ = {isa = PBXFileReference; lastKnownFileType = text.plist.strings; name = en; path = en.lproj/Main.strings; sourceTree = "<group>"; };
		6937D85F1D61D14E0015C070 /* en */ = {isa = PBXFileReference; lastKnownFileType = text.plist.strings; name = en; path = en.lproj/Localizable.strings; sourceTree = "<group>"; };
		693A12C01D3DBF0C00BCAD1F /* installViewController.h */ = {isa = PBXFileReference; fileEncoding = 4; lastKnownFileType = sourcecode.c.h; path = installViewController.h; sourceTree = "<group>"; };
		693A12C11D3DBF0C00BCAD1F /* installViewController.m */ = {isa = PBXFileReference; fileEncoding = 4; lastKnownFileType = sourcecode.c.objc; path = installViewController.m; sourceTree = "<group>"; };
		693A12C21D3DBF0C00BCAD1F /* installViewController.xib */ = {isa = PBXFileReference; fileEncoding = 4; lastKnownFileType = file.xib; path = installViewController.xib; sourceTree = "<group>"; };
		693A12C51D3DCB6A00BCAD1F /* fido_alliance.png */ = {isa = PBXFileReference; lastKnownFileType = image.png; path = fido_alliance.png; sourceTree = "<group>"; };
		6962F3091D5045E3006D27CD /* LocalAuthentication.framework */ = {isa = PBXFileReference; lastKnownFileType = wrapper.framework; name = LocalAuthentication.framework; path = System/Library/Frameworks/LocalAuthentication.framework; sourceTree = SDKROOT; };
		6969E7AF1D59DE0C0017736D /* MBProgressHUD.h */ = {isa = PBXFileReference; fileEncoding = 4; lastKnownFileType = sourcecode.c.h; path = MBProgressHUD.h; sourceTree = "<group>"; };
		6969E7B01D59DE0C0017736D /* MBProgressHUD.m */ = {isa = PBXFileReference; fileEncoding = 4; lastKnownFileType = sourcecode.c.objc; path = MBProgressHUD.m; sourceTree = "<group>"; };
		69D000701D5B1E040090713F /* Security.framework */ = {isa = PBXFileReference; lastKnownFileType = wrapper.framework; name = Security.framework; path = System/Library/Frameworks/Security.framework; sourceTree = SDKROOT; };
		A319C3981E557B00004716C9 /* ak_getinfo.h */ = {isa = PBXFileReference; fileEncoding = 4; lastKnownFileType = sourcecode.c.h; path = ak_getinfo.h; sourceTree = "<group>"; };
		A319C3991E557B00004716C9 /* akDefs.h */ = {isa = PBXFileReference; fileEncoding = 4; lastKnownFileType = sourcecode.c.h; path = akDefs.h; sourceTree = "<group>"; };
		A319C39A1E557B00004716C9 /* calDefs.h */ = {isa = PBXFileReference; fileEncoding = 4; lastKnownFileType = sourcecode.c.h; path = calDefs.h; sourceTree = "<group>"; };
		A319C39B1E557B00004716C9 /* gmrz_ak_authenticator.h */ = {isa = PBXFileReference; fileEncoding = 4; lastKnownFileType = sourcecode.c.h; path = gmrz_ak_authenticator.h; sourceTree = "<group>"; };
		A319C39C1E557B00004716C9 /* uaf_ak_authenticator.h */ = {isa = PBXFileReference; fileEncoding = 4; lastKnownFileType = sourcecode.c.h; path = uaf_ak_authenticator.h; sourceTree = "<group>"; };
		A319C39D1E557B00004716C9 /* uaf_ak_defs.h */ = {isa = PBXFileReference; fileEncoding = 4; lastKnownFileType = sourcecode.c.h; path = uaf_ak_defs.h; sourceTree = "<group>"; };
		A319C39E1E557B00004716C9 /* uaf_ak_keyhandle.h */ = {isa = PBXFileReference; fileEncoding = 4; lastKnownFileType = sourcecode.c.h; path = uaf_ak_keyhandle.h; sourceTree = "<group>"; };
		A319C39F1E557B00004716C9 /* uaf_ak_register_cmd.h */ = {isa = PBXFileReference; fileEncoding = 4; lastKnownFileType = sourcecode.c.h; path = uaf_ak_register_cmd.h; sourceTree = "<group>"; };
		A319C3A01E557B00004716C9 /* uaf_ak_sign_cmd.h */ = {isa = PBXFileReference; fileEncoding = 4; lastKnownFileType = sourcecode.c.h; path = uaf_ak_sign_cmd.h; sourceTree = "<group>"; };
		A319C3A11E557B00004716C9 /* uaf_ak_tlv.h */ = {isa = PBXFileReference; fileEncoding = 4; lastKnownFileType = sourcecode.c.h; path = uaf_ak_tlv.h; sourceTree = "<group>"; };
		A319C3A21E557B00004716C9 /* uaf_ak_token_verifier.h */ = {isa = PBXFileReference; fileEncoding = 4; lastKnownFileType = sourcecode.c.h; path = uaf_ak_token_verifier.h; sourceTree = "<group>"; };
		A319C3A31E557B00004716C9 /* uaf_ak_util.h */ = {isa = PBXFileReference; fileEncoding = 4; lastKnownFileType = sourcecode.c.h; path = uaf_ak_util.h; sourceTree = "<group>"; };
		A319C3A41E557B00004716C9 /* uaf_ak_uvt.h */ = {isa = PBXFileReference; fileEncoding = 4; lastKnownFileType = sourcecode.c.h; path = uaf_ak_uvt.h; sourceTree = "<group>"; };
		A319C3A61E557B00004716C9 /* ak_getinfo.m */ = {isa = PBXFileReference; fileEncoding = 4; lastKnownFileType = sourcecode.c.objc; path = ak_getinfo.m; sourceTree = "<group>"; };
		A319C3A71E557B00004716C9 /* ak_keyhandle.m */ = {isa = PBXFileReference; fileEncoding = 4; lastKnownFileType = sourcecode.c.objc; path = ak_keyhandle.m; sourceTree = "<group>"; };
		A319C3A81E557B00004716C9 /* ak_register_cmd.m */ = {isa = PBXFileReference; fileEncoding = 4; lastKnownFileType = sourcecode.c.objc; path = ak_register_cmd.m; sourceTree = "<group>"; };
		A319C3A91E557B00004716C9 /* ak_sign_cmd.m */ = {isa = PBXFileReference; fileEncoding = 4; lastKnownFileType = sourcecode.c.objc; path = ak_sign_cmd.m; sourceTree = "<group>"; };
		A319C3AA1E557B00004716C9 /* ak_tlv.c */ = {isa = PBXFileReference; fileEncoding = 4; lastKnownFileType = sourcecode.c.c; path = ak_tlv.c; sourceTree = "<group>"; };
		A319C3AB1E557B00004716C9 /* ak_token_verifier.m */ = {isa = PBXFileReference; fileEncoding = 4; lastKnownFileType = sourcecode.c.objc; path = ak_token_verifier.m; sourceTree = "<group>"; };
		A319C3AC1E557B00004716C9 /* ak_util.m */ = {isa = PBXFileReference; fileEncoding = 4; lastKnownFileType = sourcecode.c.objc; path = ak_util.m; sourceTree = "<group>"; };
		A319C3AD1E557B00004716C9 /* ak_uvt.c */ = {isa = PBXFileReference; fileEncoding = 4; lastKnownFileType = sourcecode.c.c; path = ak_uvt.c; sourceTree = "<group>"; };
		A319C3B01E557B00004716C9 /* gmrz_jv_asm_json_parse.h */ = {isa = PBXFileReference; fileEncoding = 4; lastKnownFileType = sourcecode.c.h; path = gmrz_jv_asm_json_parse.h; sourceTree = "<group>"; };
		A319C3B11E557B00004716C9 /* gmrz_jv_asm_json_parse.m */ = {isa = PBXFileReference; fileEncoding = 4; lastKnownFileType = sourcecode.c.objc; path = gmrz_jv_asm_json_parse.m; sourceTree = "<group>"; };
		A319C3B31E557B00004716C9 /* gmrz_jv_asm_KHAccessToken.h */ = {isa = PBXFileReference; fileEncoding = 4; lastKnownFileType = sourcecode.c.h; path = gmrz_jv_asm_KHAccessToken.h; sourceTree = "<group>"; };
		A319C3B41E557B00004716C9 /* gmrz_jv_asm_KHAccessToken.m */ = {isa = PBXFileReference; fileEncoding = 4; lastKnownFileType = sourcecode.c.objc; path = gmrz_jv_asm_KHAccessToken.m; sourceTree = "<group>"; };
		A319C3B51E557B00004716C9 /* gmrz_jv_asm_regeister.h */ = {isa = PBXFileReference; fileEncoding = 4; lastKnownFileType = sourcecode.c.h; path = gmrz_jv_asm_regeister.h; sourceTree = "<group>"; };
		A319C3B61E557B00004716C9 /* gmrz_jv_asm_regeister.m */ = {isa = PBXFileReference; fileEncoding = 4; lastKnownFileType = sourcecode.c.objc; path = gmrz_jv_asm_regeister.m; sourceTree = "<group>"; };
		A319C3B81E557B00004716C9 /* gmrz_jv_asm_db.h */ = {isa = PBXFileReference; fileEncoding = 4; lastKnownFileType = sourcecode.c.h; path = gmrz_jv_asm_db.h; sourceTree = "<group>"; };
		A319C3B91E557B00004716C9 /* gmrz_jv_asm_db.m */ = {isa = PBXFileReference; fileEncoding = 4; lastKnownFileType = sourcecode.c.objc; path = gmrz_jv_asm_db.m; sourceTree = "<group>"; };
		A319C3BA1E557B00004716C9 /* gmrz_reg_name.h */ = {isa = PBXFileReference; fileEncoding = 4; lastKnownFileType = sourcecode.c.h; path = gmrz_reg_name.h; sourceTree = "<group>"; };
		A319C3BB1E557B00004716C9 /* gmrz_reg_name.m */ = {isa = PBXFileReference; fileEncoding = 4; lastKnownFileType = sourcecode.c.objc; path = gmrz_reg_name.m; sourceTree = "<group>"; };
		A319C3BF1E557B00004716C9 /* gmrz_jv_ecc_cal_ext.h */ = {isa = PBXFileReference; fileEncoding = 4; lastKnownFileType = sourcecode.c.h; path = gmrz_jv_ecc_cal_ext.h; sourceTree = "<group>"; };
		A319C3C01E557B00004716C9 /* gmrz_jv_ecc_cal_ext.m */ = {isa = PBXFileReference; fileEncoding = 4; lastKnownFileType = sourcecode.c.objc; path = gmrz_jv_ecc_cal_ext.m; sourceTree = "<group>"; };
		A319C3C21E557B00004716C9 /* gmrz_client_getfinalchallenge.h */ = {isa = PBXFileReference; fileEncoding = 4; lastKnownFileType = sourcecode.c.h; path = gmrz_client_getfinalchallenge.h; sourceTree = "<group>"; };
		A319C3C31E557B00004716C9 /* gmrz_client_getfinalchallenge.m */ = {isa = PBXFileReference; fileEncoding = 4; lastKnownFileType = sourcecode.c.objc; path = gmrz_client_getfinalchallenge.m; sourceTree = "<group>"; };
		A319C3C41E557B00004716C9 /* gmrz_client_interface.h */ = {isa = PBXFileReference; fileEncoding = 4; lastKnownFileType = sourcecode.c.h; path = gmrz_client_interface.h; sourceTree = "<group>"; };
		A319C3C51E557B00004716C9 /* gmrz_client_interface.m */ = {isa = PBXFileReference; fileEncoding = 4; lastKnownFileType = sourcecode.c.objc; path = gmrz_client_interface.m; sourceTree = "<group>"; };
		A319C3C71E557B00004716C9 /* authticatorlistshow.h */ = {isa = PBXFileReference; fileEncoding = 4; lastKnownFileType = sourcecode.c.h; path = authticatorlistshow.h; sourceTree = "<group>"; };
		A319C3C81E557B00004716C9 /* authticatorlistshow.m */ = {isa = PBXFileReference; fileEncoding = 4; lastKnownFileType = sourcecode.c.objc; path = authticatorlistshow.m; sourceTree = "<group>"; };
		A319C3C91E557B00004716C9 /* gmrz_json_pkg.h */ = {isa = PBXFileReference; fileEncoding = 4; lastKnownFileType = sourcecode.c.h; path = gmrz_json_pkg.h; sourceTree = "<group>"; };
		A319C3CA1E557B00004716C9 /* gmrz_json_pkg.m */ = {isa = PBXFileReference; fileEncoding = 4; lastKnownFileType = sourcecode.c.objc; path = gmrz_json_pkg.m; sourceTree = "<group>"; };
		A319C3CB1E557B00004716C9 /* modelAlert.h */ = {isa = PBXFileReference; fileEncoding = 4; lastKnownFileType = sourcecode.c.h; path = modelAlert.h; sourceTree = "<group>"; };
		A319C3CC1E557B00004716C9 /* modelAlert.m */ = {isa = PBXFileReference; fileEncoding = 4; lastKnownFileType = sourcecode.c.objc; path = modelAlert.m; sourceTree = "<group>"; };
		A319C3CD1E557B00004716C9 /* PickerView.h */ = {isa = PBXFileReference; fileEncoding = 4; lastKnownFileType = sourcecode.c.h; path = PickerView.h; sourceTree = "<group>"; };
		A319C3CE1E557B00004716C9 /* PickerView.m */ = {isa = PBXFileReference; fileEncoding = 4; lastKnownFileType = sourcecode.c.objc; path = PickerView.m; sourceTree = "<group>"; };
		A319C3D01E557B00004716C9 /* gmrz_jv_util_func.h */ = {isa = PBXFileReference; fileEncoding = 4; lastKnownFileType = sourcecode.c.h; path = gmrz_jv_util_func.h; sourceTree = "<group>"; };
		A319C3D11E557B00004716C9 /* gmrz_jv_util_func.m */ = {isa = PBXFileReference; fileEncoding = 4; lastKnownFileType = sourcecode.c.objc; path = gmrz_jv_util_func.m; sourceTree = "<group>"; };
/* End PBXFileReference section */

/* Begin PBXFrameworksBuildPhase section */
		6907EE081D37258D00D7A94A /* Frameworks */ = {
			isa = PBXFrameworksBuildPhase;
			buildActionMask = 2147483647;
			files = (
				69D000711D5B1E040090713F /* Security.framework in Frameworks */,
				6962F30A1D5045E3006D27CD /* LocalAuthentication.framework in Frameworks */,
			);
			runOnlyForDeploymentPostprocessing = 0;
		};
/* End PBXFrameworksBuildPhase section */

/* Begin PBXGroup section */
		69059C231D50474000CA9211 /* tools */ = {
			isa = PBXGroup;
			children = (
				6969E7AF1D59DE0C0017736D /* MBProgressHUD.h */,
				6969E7B01D59DE0C0017736D /* MBProgressHUD.m */,
				69059C241D50474B00CA9211 /* TutorialAppException.h */,
				69059C251D50474B00CA9211 /* Constants.h */,
				69059C261D50474B00CA9211 /* HttpConnection.h */,
				69059C271D50474B00CA9211 /* HttpConnection.mm */,
				69059C381D5081FB00CA9211 /* TAUtils.h */,
				69059C391D5081FB00CA9211 /* TAUtils.m */,
			);
			path = tools;
			sourceTree = "<group>";
		};
		6907EE021D37258D00D7A94A = {
			isa = PBXGroup;
			children = (
				695005231E4B0CE600D7A1F7 /* usr */,
				69D000701D5B1E040090713F /* Security.framework */,
				6962F3091D5045E3006D27CD /* LocalAuthentication.framework */,
				6907EE431D37263600D7A94A /* Image */,
				6907EE0D1D37258D00D7A94A /* FIDOPro */,
				6907EE0C1D37258D00D7A94A /* Products */,
			);
			sourceTree = "<group>";
		};
		6907EE0C1D37258D00D7A94A /* Products */ = {
			isa = PBXGroup;
			children = (
				6907EE0B1D37258D00D7A94A /* FIDOPro.app */,
			);
			name = Products;
			sourceTree = "<group>";
		};
		6907EE0D1D37258D00D7A94A /* FIDOPro */ = {
			isa = PBXGroup;
			children = (
				69059C231D50474000CA9211 /* tools */,
				6907EE251D3725A000D7A94A /* Tabs */,
				6907EE111D37258D00D7A94A /* AppDelegate.h */,
				6907EE121D37258D00D7A94A /* AppDelegate.m */,
				6907EE3D1D3725F900D7A94A /* BaseViewController.h */,
				6907EE3E1D3725F900D7A94A /* BaseViewController.m */,
				69059C201D5046E100CA9211 /* PlistTools.h */,
				69059C211D5046E100CA9211 /* PlistTools.m */,
				6907EE401D37260D00D7A94A /* MainViewController.h */,
				6907EE411D37260D00D7A94A /* MainViewController.m */,
				6907EE171D37258D00D7A94A /* Main.storyboard */,
				6907EE1A1D37258D00D7A94A /* Assets.xcassets */,
				6907EE941D37831D00D7A94A /* urlinfo.plist */,
				6907EE1F1D37258D00D7A94A /* Info.plist */,
				691035DD1D51B3E7003CB478 /* Images.xcassets */,
				6907EE0E1D37258D00D7A94A /* Supporting Files */,
			);
			path = FIDOPro;
			sourceTree = "<group>";
		};
		6907EE0E1D37258D00D7A94A /* Supporting Files */ = {
			isa = PBXGroup;
			children = (
				6937D8591D61D12F0015C070 /* Localizable.strings */,
				6907EE671D3728E900D7A94A /* asmdescriptors.json */,
				6907EE0F1D37258D00D7A94A /* main.m */,
			);
			name = "Supporting Files";
			sourceTree = "<group>";
		};
		6907EE251D3725A000D7A94A /* Tabs */ = {
			isa = PBXGroup;
			children = (
				6907EE261D3725AD00D7A94A /* registerController.h */,
				6907EE271D3725AD00D7A94A /* registerController.m */,
				6907EE311D3725AD00D7A94A /* validateViewController.h */,
				6907EE321D3725AD00D7A94A /* validateViewController.m */,
				6907EE331D3725AD00D7A94A /* validateViewController.xib */,
				6907EE2B1D3725AD00D7A94A /* transactionViewController.h */,
				6907EE2C1D3725AD00D7A94A /* transactionViewController.m */,
				6907EE2D1D3725AD00D7A94A /* transactionViewController.xib */,
				6907EE2E1D3725AD00D7A94A /* ShoppingCart.h */,
				6907EE2F1D3725AD00D7A94A /* ShoppingCart.m */,
				6907EE301D3725AD00D7A94A /* ShoppingCart.xib */,
				6907EE281D3725AD00D7A94A /* managerViewController.h */,
				6907EE291D3725AD00D7A94A /* managerViewController.m */,
				6907EE2A1D3725AD00D7A94A /* managerViewController.xib */,
				693A12C01D3DBF0C00BCAD1F /* installViewController.h */,
				693A12C11D3DBF0C00BCAD1F /* installViewController.m */,
				693A12C21D3DBF0C00BCAD1F /* installViewController.xib */,
			);
			name = Tabs;
			sourceTree = "<group>";
		};
		6907EE431D37263600D7A94A /* Image */ = {
			isa = PBXGroup;
			children = (
				693A12C51D3DCB6A00BCAD1F /* fido_alliance.png */,
				6907EE441D37263600D7A94A /* icon_remove.png */,
				6907EE451D37263600D7A94A /* icon_settings.png */,
				6907EE461D37263600D7A94A /* icon_settings_over.png */,
				6907EE471D37263600D7A94A /* icon_setup.png */,
				6907EE481D37263600D7A94A /* icon_setup_over.png */,
				6907EE491D37263600D7A94A /* icon_transaction.png */,
				6907EE4A1D37263600D7A94A /* icon_transaction_over.png */,
				6907EE4B1D37263600D7A94A /* sample_product.png */,
			);
			path = Image;
			sourceTree = "<group>";
		};
		695005231E4B0CE600D7A1F7 /* usr */ = {
			isa = PBXGroup;
			children = (
				A319C3961E557B00004716C9 /* ak */,
				A319C3AE1E557B00004716C9 /* asm */,
				A319C3BC1E557B00004716C9 /* cal */,
				A319C3C11E557B00004716C9 /* client */,
				A319C3CF1E557B00004716C9 /* util */,
			);
			path = usr;
			sourceTree = "<group>";
		};
		A319C3961E557B00004716C9 /* ak */ = {
			isa = PBXGroup;
			children = (
				A319C3971E557B00004716C9 /* head */,
				A319C3A51E557B00004716C9 /* source */,
			);
			path = ak;
			sourceTree = "<group>";
		};
		A319C3971E557B00004716C9 /* head */ = {
			isa = PBXGroup;
			children = (
				A319C3981E557B00004716C9 /* ak_getinfo.h */,
				A319C3991E557B00004716C9 /* akDefs.h */,
				A319C39A1E557B00004716C9 /* calDefs.h */,
				A319C39B1E557B00004716C9 /* gmrz_ak_authenticator.h */,
				A319C39C1E557B00004716C9 /* uaf_ak_authenticator.h */,
				A319C39D1E557B00004716C9 /* uaf_ak_defs.h */,
				A319C39E1E557B00004716C9 /* uaf_ak_keyhandle.h */,
				A319C39F1E557B00004716C9 /* uaf_ak_register_cmd.h */,
				A319C3A01E557B00004716C9 /* uaf_ak_sign_cmd.h */,
				A319C3A11E557B00004716C9 /* uaf_ak_tlv.h */,
				A319C3A21E557B00004716C9 /* uaf_ak_token_verifier.h */,
				A319C3A31E557B00004716C9 /* uaf_ak_util.h */,
				A319C3A41E557B00004716C9 /* uaf_ak_uvt.h */,
			);
			path = head;
			sourceTree = "<group>";
		};
		A319C3A51E557B00004716C9 /* source */ = {
			isa = PBXGroup;
			children = (
				A319C3A61E557B00004716C9 /* ak_getinfo.m */,
				A319C3A71E557B00004716C9 /* ak_keyhandle.m */,
				A319C3A81E557B00004716C9 /* ak_register_cmd.m */,
				A319C3A91E557B00004716C9 /* ak_sign_cmd.m */,
				A319C3AA1E557B00004716C9 /* ak_tlv.c */,
				A319C3AB1E557B00004716C9 /* ak_token_verifier.m */,
				A319C3AC1E557B00004716C9 /* ak_util.m */,
				A319C3AD1E557B00004716C9 /* ak_uvt.c */,
			);
			path = source;
			sourceTree = "<group>";
		};
		A319C3AE1E557B00004716C9 /* asm */ = {
			isa = PBXGroup;
			children = (
				A319C3AF1E557B00004716C9 /* amd_parsejson */,
				A319C3B21E557B00004716C9 /* asm_cmd */,
				A319C3B71E557B00004716C9 /* asm_db */,
				A319C3BA1E557B00004716C9 /* gmrz_reg_name.h */,
				A319C3BB1E557B00004716C9 /* gmrz_reg_name.m */,
			);
			path = asm;
			sourceTree = "<group>";
		};
		A319C3AF1E557B00004716C9 /* amd_parsejson */ = {
			isa = PBXGroup;
			children = (
				A319C3B01E557B00004716C9 /* gmrz_jv_asm_json_parse.h */,
				A319C3B11E557B00004716C9 /* gmrz_jv_asm_json_parse.m */,
			);
			path = amd_parsejson;
			sourceTree = "<group>";
		};
		A319C3B21E557B00004716C9 /* asm_cmd */ = {
			isa = PBXGroup;
			children = (
				A319C3B31E557B00004716C9 /* gmrz_jv_asm_KHAccessToken.h */,
				A319C3B41E557B00004716C9 /* gmrz_jv_asm_KHAccessToken.m */,
				A319C3B51E557B00004716C9 /* gmrz_jv_asm_regeister.h */,
				A319C3B61E557B00004716C9 /* gmrz_jv_asm_regeister.m */,
			);
			path = asm_cmd;
			sourceTree = "<group>";
		};
		A319C3B71E557B00004716C9 /* asm_db */ = {
			isa = PBXGroup;
			children = (
				A319C3B81E557B00004716C9 /* gmrz_jv_asm_db.h */,
				A319C3B91E557B00004716C9 /* gmrz_jv_asm_db.m */,
			);
			path = asm_db;
			sourceTree = "<group>";
		};
		A319C3BC1E557B00004716C9 /* cal */ = {
			isa = PBXGroup;
			children = (
				A319C3BF1E557B00004716C9 /* gmrz_jv_ecc_cal_ext.h */,
				A319C3C01E557B00004716C9 /* gmrz_jv_ecc_cal_ext.m */,
			);
			path = cal;
			sourceTree = "<group>";
		};
		A319C3C11E557B00004716C9 /* client */ = {
			isa = PBXGroup;
			children = (
				A319C3C21E557B00004716C9 /* gmrz_client_getfinalchallenge.h */,
				A319C3C31E557B00004716C9 /* gmrz_client_getfinalchallenge.m */,
				A319C3C41E557B00004716C9 /* gmrz_client_interface.h */,
				A319C3C51E557B00004716C9 /* gmrz_client_interface.m */,
				A319C3C61E557B00004716C9 /* json */,
			);
			path = client;
			sourceTree = "<group>";
		};
		A319C3C61E557B00004716C9 /* json */ = {
			isa = PBXGroup;
			children = (
				A319C3C71E557B00004716C9 /* authticatorlistshow.h */,
				A319C3C81E557B00004716C9 /* authticatorlistshow.m */,
				A319C3C91E557B00004716C9 /* gmrz_json_pkg.h */,
				A319C3CA1E557B00004716C9 /* gmrz_json_pkg.m */,
				A319C3CB1E557B00004716C9 /* modelAlert.h */,
				A319C3CC1E557B00004716C9 /* modelAlert.m */,
				A319C3CD1E557B00004716C9 /* PickerView.h */,
				A319C3CE1E557B00004716C9 /* PickerView.m */,
			);
			path = json;
			sourceTree = "<group>";
		};
		A319C3CF1E557B00004716C9 /* util */ = {
			isa = PBXGroup;
			children = (
				A319C3D01E557B00004716C9 /* gmrz_jv_util_func.h */,
				A319C3D11E557B00004716C9 /* gmrz_jv_util_func.m */,
			);
			path = util;
			sourceTree = "<group>";
		};
/* End PBXGroup section */

/* Begin PBXNativeTarget section */
		6907EE0A1D37258D00D7A94A /* FIDOPro */ = {
			isa = PBXNativeTarget;
			buildConfigurationList = 6907EE221D37258D00D7A94A /* Build configuration list for PBXNativeTarget "FIDOPro" */;
			buildPhases = (
				6907EE071D37258D00D7A94A /* Sources */,
				6907EE081D37258D00D7A94A /* Frameworks */,
				6907EE091D37258D00D7A94A /* Resources */,
			);
			buildRules = (
			);
			dependencies = (
			);
			name = FIDOPro;
			productName = FIDOPro;
			productReference = 6907EE0B1D37258D00D7A94A /* FIDOPro.app */;
			productType = "com.apple.product-type.application";
		};
/* End PBXNativeTarget section */

/* Begin PBXProject section */
		6907EE031D37258D00D7A94A /* Project object */ = {
			isa = PBXProject;
			attributes = {
				LastUpgradeCheck = 0720;
				ORGANIZATIONNAME = "张宁";
				TargetAttributes = {
					6907EE0A1D37258D00D7A94A = {
						CreatedOnToolsVersion = 7.2.1;
						DevelopmentTeam = C299C2M2ZC;
					};
				};
			};
			buildConfigurationList = 6907EE061D37258D00D7A94A /* Build configuration list for PBXProject "FIDOPro" */;
			compatibilityVersion = "Xcode 3.2";
			developmentRegion = English;
			hasScannedForEncodings = 0;
			knownRegions = (
				Base,
				"zh-Hans",
				"zh-Hant",
				en,
			);
			mainGroup = 6907EE021D37258D00D7A94A;
			productRefGroup = 6907EE0C1D37258D00D7A94A /* Products */;
			projectDirPath = "";
			projectRoot = "";
			targets = (
				6907EE0A1D37258D00D7A94A /* FIDOPro */,
			);
		};
/* End PBXProject section */

/* Begin PBXResourcesBuildPhase section */
		6907EE091D37258D00D7A94A /* Resources */ = {
			isa = PBXResourcesBuildPhase;
			buildActionMask = 2147483647;
			files = (
				6907EE4C1D37263600D7A94A /* icon_remove.png in Resources */,
				6907EE511D37263600D7A94A /* icon_transaction.png in Resources */,
				6907EE531D37263600D7A94A /* sample_product.png in Resources */,
				6907EE381D3725AD00D7A94A /* transactionViewController.xib in Resources */,
				693A12C61D3DCB6A00BCAD1F /* fido_alliance.png in Resources */,
				6907EE501D37263600D7A94A /* icon_setup_over.png in Resources */,
				6907EE3A1D3725AD00D7A94A /* ShoppingCart.xib in Resources */,
				6907EE3C1D3725AD00D7A94A /* validateViewController.xib in Resources */,
				691035DE1D51B3E7003CB478 /* Images.xcassets in Resources */,
				6907EE361D3725AD00D7A94A /* managerViewController.xib in Resources */,
				6937D8571D61D12F0015C070 /* Localizable.strings in Resources */,
				6907EE4F1D37263600D7A94A /* icon_setup.png in Resources */,
				6907EE951D37831D00D7A94A /* urlinfo.plist in Resources */,
				6907EE521D37263600D7A94A /* icon_transaction_over.png in Resources */,
				6907EE1B1D37258D00D7A94A /* Assets.xcassets in Resources */,
				6907EE4E1D37263600D7A94A /* icon_settings_over.png in Resources */,
				693A12C41D3DBF0C00BCAD1F /* installViewController.xib in Resources */,
				6907EE4D1D37263600D7A94A /* icon_settings.png in Resources */,
				6907EE681D3728E900D7A94A /* asmdescriptors.json in Resources */,
				6907EE191D37258D00D7A94A /* Main.storyboard in Resources */,
			);
			runOnlyForDeploymentPostprocessing = 0;
		};
/* End PBXResourcesBuildPhase section */

/* Begin PBXSourcesBuildPhase section */
		6907EE071D37258D00D7A94A /* Sources */ = {
			isa = PBXSourcesBuildPhase;
			buildActionMask = 2147483647;
			files = (
				69059C221D5046E100CA9211 /* PlistTools.m in Sources */,
				A319C3E71E557B00004716C9 /* gmrz_jv_util_func.m in Sources */,
				A319C3D71E557B00004716C9 /* ak_token_verifier.m in Sources */,
				A319C3D61E557B00004716C9 /* ak_tlv.c in Sources */,
				A319C3DD1E557B00004716C9 /* gmrz_jv_asm_db.m in Sources */,
				A319C3DE1E557B00004716C9 /* gmrz_reg_name.m in Sources */,
				A319C3D91E557B00004716C9 /* ak_uvt.c in Sources */,
				69059C281D50474B00CA9211 /* HttpConnection.mm in Sources */,
				6907EE341D3725AD00D7A94A /* registerController.m in Sources */,
				A319C3D41E557B00004716C9 /* ak_register_cmd.m in Sources */,
				6907EE3F1D3725F900D7A94A /* BaseViewController.m in Sources */,
				A319C3DA1E557B00004716C9 /* gmrz_jv_asm_json_parse.m in Sources */,
				6907EE371D3725AD00D7A94A /* transactionViewController.m in Sources */,
				693A12C31D3DBF0C00BCAD1F /* installViewController.m in Sources */,
				A319C3E41E557B00004716C9 /* gmrz_json_pkg.m in Sources */,
				6907EE391D3725AD00D7A94A /* ShoppingCart.m in Sources */,
				6907EE421D37260D00D7A94A /* MainViewController.m in Sources */,
				A319C3E51E557B00004716C9 /* modelAlert.m in Sources */,
				6907EE3B1D3725AD00D7A94A /* validateViewController.m in Sources */,
				A319C3D31E557B00004716C9 /* ak_keyhandle.m in Sources */,
				A319C3DC1E557B00004716C9 /* gmrz_jv_asm_regeister.m in Sources */,
				A319C3E01E557B00004716C9 /* gmrz_jv_ecc_cal_ext.m in Sources */,
				A319C3D21E557B00004716C9 /* ak_getinfo.m in Sources */,
				A319C3E31E557B00004716C9 /* authticatorlistshow.m in Sources */,
				6907EE351D3725AD00D7A94A /* managerViewController.m in Sources */,
				69059C3A1D5081FB00CA9211 /* TAUtils.m in Sources */,
				A319C3DB1E557B00004716C9 /* gmrz_jv_asm_KHAccessToken.m in Sources */,
				A319C3E11E557B00004716C9 /* gmrz_client_getfinalchallenge.m in Sources */,
				6907EE131D37258D00D7A94A /* AppDelegate.m in Sources */,
				A319C3E21E557B00004716C9 /* gmrz_client_interface.m in Sources */,
				A319C3D81E557B00004716C9 /* ak_util.m in Sources */,
				A319C3D51E557B00004716C9 /* ak_sign_cmd.m in Sources */,
				6907EE101D37258D00D7A94A /* main.m in Sources */,
				6969E7B11D59DE0C0017736D /* MBProgressHUD.m in Sources */,
				A319C3E61E557B00004716C9 /* PickerView.m in Sources */,
			);
			runOnlyForDeploymentPostprocessing = 0;
		};
/* End PBXSourcesBuildPhase section */

/* Begin PBXVariantGroup section */
		6907EE171D37258D00D7A94A /* Main.storyboard */ = {
			isa = PBXVariantGroup;
			children = (
				6907EE181D37258D00D7A94A /* Base */,
				6937D85A1D61D13E0015C070 /* zh-Hans */,
				6937D85C1D61D1480015C070 /* zh-Hant */,
				6937D85E1D61D14D0015C070 /* en */,
			);
			name = Main.storyboard;
			sourceTree = "<group>";
		};
		6937D8591D61D12F0015C070 /* Localizable.strings */ = {
			isa = PBXVariantGroup;
			children = (
				6937D85B1D61D13F0015C070 /* zh-Hans */,
				6937D85D1D61D1490015C070 /* zh-Hant */,
				6937D85F1D61D14E0015C070 /* en */,
			);
			name = Localizable.strings;
			sourceTree = "<group>";
		};
/* End PBXVariantGroup section */

/* Begin XCBuildConfiguration section */
		6907EE201D37258D00D7A94A /* Debug */ = {
			isa = XCBuildConfiguration;
			buildSettings = {
				ALWAYS_SEARCH_USER_PATHS = NO;
				CLANG_CXX_LANGUAGE_STANDARD = "gnu++0x";
				CLANG_CXX_LIBRARY = "libc++";
				CLANG_ENABLE_MODULES = YES;
				CLANG_ENABLE_OBJC_ARC = YES;
				CLANG_WARN_BOOL_CONVERSION = YES;
				CLANG_WARN_CONSTANT_CONVERSION = YES;
				CLANG_WARN_DIRECT_OBJC_ISA_USAGE = YES_ERROR;
				CLANG_WARN_EMPTY_BODY = YES;
				CLANG_WARN_ENUM_CONVERSION = YES;
				CLANG_WARN_INT_CONVERSION = YES;
				CLANG_WARN_OBJC_ROOT_CLASS = YES_ERROR;
				CLANG_WARN_UNREACHABLE_CODE = YES;
				CLANG_WARN__DUPLICATE_METHOD_MATCH = YES;
				"CODE_SIGN_IDENTITY[sdk=iphoneos*]" = "iPhone Developer";
				COPY_PHASE_STRIP = NO;
				DEBUG_INFORMATION_FORMAT = dwarf;
				ENABLE_STRICT_OBJC_MSGSEND = YES;
				ENABLE_TESTABILITY = YES;
				GCC_C_LANGUAGE_STANDARD = gnu99;
				GCC_DYNAMIC_NO_PIC = NO;
				GCC_NO_COMMON_BLOCKS = YES;
				GCC_OPTIMIZATION_LEVEL = 0;
				GCC_PREPROCESSOR_DEFINITIONS = (
					"DEBUG=1",
					"$(inherited)",
				);
				GCC_WARN_64_TO_32_BIT_CONVERSION = YES;
				GCC_WARN_ABOUT_RETURN_TYPE = YES_ERROR;
				GCC_WARN_UNDECLARED_SELECTOR = YES;
				GCC_WARN_UNINITIALIZED_AUTOS = YES_AGGRESSIVE;
				GCC_WARN_UNUSED_FUNCTION = YES;
				GCC_WARN_UNUSED_VARIABLE = YES;
				IPHONEOS_DEPLOYMENT_TARGET = 9.2;
				MTL_ENABLE_DEBUG_INFO = YES;
				ONLY_ACTIVE_ARCH = YES;
				SDKROOT = iphoneos;
			};
			name = Debug;
		};
		6907EE211D37258D00D7A94A /* Release */ = {
			isa = XCBuildConfiguration;
			buildSettings = {
				ALWAYS_SEARCH_USER_PATHS = NO;
				CLANG_CXX_LANGUAGE_STANDARD = "gnu++0x";
				CLANG_CXX_LIBRARY = "libc++";
				CLANG_ENABLE_MODULES = YES;
				CLANG_ENABLE_OBJC_ARC = YES;
				CLANG_WARN_BOOL_CONVERSION = YES;
				CLANG_WARN_CONSTANT_CONVERSION = YES;
				CLANG_WARN_DIRECT_OBJC_ISA_USAGE = YES_ERROR;
				CLANG_WARN_EMPTY_BODY = YES;
				CLANG_WARN_ENUM_CONVERSION = YES;
				CLANG_WARN_INT_CONVERSION = YES;
				CLANG_WARN_OBJC_ROOT_CLASS = YES_ERROR;
				CLANG_WARN_UNREACHABLE_CODE = YES;
				CLANG_WARN__DUPLICATE_METHOD_MATCH = YES;
				"CODE_SIGN_IDENTITY[sdk=iphoneos*]" = "iPhone Developer";
				COPY_PHASE_STRIP = NO;
				DEBUG_INFORMATION_FORMAT = "dwarf-with-dsym";
				ENABLE_NS_ASSERTIONS = NO;
				ENABLE_STRICT_OBJC_MSGSEND = YES;
				GCC_C_LANGUAGE_STANDARD = gnu99;
				GCC_NO_COMMON_BLOCKS = YES;
				GCC_WARN_64_TO_32_BIT_CONVERSION = YES;
				GCC_WARN_ABOUT_RETURN_TYPE = YES_ERROR;
				GCC_WARN_UNDECLARED_SELECTOR = YES;
				GCC_WARN_UNINITIALIZED_AUTOS = YES_AGGRESSIVE;
				GCC_WARN_UNUSED_FUNCTION = YES;
				GCC_WARN_UNUSED_VARIABLE = YES;
				IPHONEOS_DEPLOYMENT_TARGET = 9.2;
				MTL_ENABLE_DEBUG_INFO = NO;
				SDKROOT = iphoneos;
				VALIDATE_PRODUCT = YES;
			};
			name = Release;
		};
		6907EE231D37258D00D7A94A /* Debug */ = {
			isa = XCBuildConfiguration;
			buildSettings = {
				ASSETCATALOG_COMPILER_APPICON_NAME = AppIcon;
				ASSETCATALOG_COMPILER_LAUNCHIMAGE_NAME = LaunchImage;
				CODE_SIGN_IDENTITY = "iPhone Developer";
				"CODE_SIGN_IDENTITY[sdk=iphoneos*]" = "iPhone Developer";
				DEVELOPMENT_TEAM = C299C2M2ZC;
				ENABLE_BITCODE = NO;
				FRAMEWORK_SEARCH_PATHS = (
					"$(inherited)",
					"$(PROJECT_DIR)/Frameworks",
				);
				GCC_PREFIX_HEADER = "";
				INFOPLIST_FILE = FIDOPro/Info.plist;
				IPHONEOS_DEPLOYMENT_TARGET = 8.0;
				LD_RUNPATH_SEARCH_PATHS = "$(inherited) @executable_path/Frameworks";
				LIBRARY_SEARCH_PATHS = (
					"$(inherited)",
					"$(PROJECT_DIR)/Frameworks",
					"$(PROJECT_DIR)",
					"$(PROJECT_DIR)/FIDOPro",
					"$(PROJECT_DIR)/Image",
					"$(PROJECT_DIR)/usr",
				);
				OTHER_LDFLAGS = "-Wl,-no_compact_unwind";
				PRODUCT_BUNDLE_IDENTIFIER = com.gmrz.ios.FIDO;
				PRODUCT_NAME = "$(TARGET_NAME)";
				PROVISIONING_PROFILE = "";
				TARGETED_DEVICE_FAMILY = 1;
			};
			name = Debug;
		};
		6907EE241D37258D00D7A94A /* Release */ = {
			isa = XCBuildConfiguration;
			buildSettings = {
				ASSETCATALOG_COMPILER_APPICON_NAME = AppIcon;
				ASSETCATALOG_COMPILER_LAUNCHIMAGE_NAME = LaunchImage;
				CODE_SIGN_IDENTITY = "iPhone Developer";
				"CODE_SIGN_IDENTITY[sdk=iphoneos*]" = "iPhone Developer";
				DEVELOPMENT_TEAM = C299C2M2ZC;
				ENABLE_BITCODE = NO;
				FRAMEWORK_SEARCH_PATHS = (
					"$(inherited)",
					"$(PROJECT_DIR)/Frameworks",
				);
				GCC_PREFIX_HEADER = "";
				INFOPLIST_FILE = FIDOPro/Info.plist;
				IPHONEOS_DEPLOYMENT_TARGET = 8.0;
				LD_RUNPATH_SEARCH_PATHS = "$(inherited) @executable_path/Frameworks";
				LIBRARY_SEARCH_PATHS = (
					"$(inherited)",
					"$(PROJECT_DIR)/Frameworks",
					"$(PROJECT_DIR)",
					"$(PROJECT_DIR)/FIDOPro",
					"$(PROJECT_DIR)/Image",
					"$(PROJECT_DIR)/usr",
				);
				OTHER_LDFLAGS = "-Wl,-no_compact_unwind";
				PRODUCT_BUNDLE_IDENTIFIER = com.gmrz.ios.FIDO;
				PRODUCT_NAME = "$(TARGET_NAME)";
				PROVISIONING_PROFILE = "";
				TARGETED_DEVICE_FAMILY = 1;
			};
			name = Release;
		};
/* End XCBuildConfiguration section */

/* Begin XCConfigurationList section */
		6907EE061D37258D00D7A94A /* Build configuration list for PBXProject "FIDOPro" */ = {
			isa = XCConfigurationList;
			buildConfigurations = (
				6907EE201D37258D00D7A94A /* Debug */,
				6907EE211D37258D00D7A94A /* Release */,
			);
			defaultConfigurationIsVisible = 0;
			defaultConfigurationName = Release;
		};
		6907EE221D37258D00D7A94A /* Build configuration list for PBXNativeTarget "FIDOPro" */ = {
			isa = XCConfigurationList;
			buildConfigurations = (
				6907EE231D37258D00D7A94A /* Debug */,
				6907EE241D37258D00D7A94A /* Release */,
			);
			defaultConfigurationIsVisible = 0;
			defaultConfigurationName = Release;
		};
/* End XCConfigurationList section */
	};
	rootObject = 6907EE031D37258D00D7A94A /* Project object */;
}
